
Microsoft Visual Studio Solution File, Format Version 12.00
# Visual Studio Version 17
VisualStudioVersion = 17.14.36121.58
MinimumVisualStudioVersion = 10.0.40219.1
Project("{FAE04EC0-301F-11D3-BF4B-00C04F79EFBC}") = "Backend", "Backend\Backend.csproj", "{5FD824B3-6917-4380-B987-C30B47F9554F}"
EndProject
Project("{FAE04EC0-301F-11D3-BF4B-00C04F79EFBC}") = "TestUnitsProject", "TestUnitsProject\TestUnitsProject.csproj", "{AF5439E1-289B-4F98-AB53-106D74F1357D}"
EndProject
Global
	GlobalSection(SolutionConfigurationPlatforms) = preSolution
		Debug|Any CPU = Debug|Any CPU
		Release|Any CPU = Release|Any CPU
	EndGlobalSection
	GlobalSection(ProjectConfigurationPlatforms) = postSolution
		{5FD824B3-6917-4380-B987-C30B47F9554F}.Debug|Any CPU.ActiveCfg = Debug|Any CPU
		{5FD824B3-6917-4380-B987-C30B47F9554F}.Debug|Any CPU.Build.0 = Debug|Any CPU
		{5FD824B3-6917-4380-B987-C30B47F9554F}.Release|Any CPU.ActiveCfg = Release|Any CPU
		{5FD824B3-6917-4380-B987-C30B47F9554F}.Release|Any CPU.Build.0 = Release|Any CPU
		{AF5439E1-289B-4F98-AB53-106D74F1357D}.Debug|Any CPU.ActiveCfg = Debug|Any CPU
		{AF5439E1-289B-4F98-AB53-106D74F1357D}.Debug|Any CPU.Build.0 = Debug|Any CPU
		{AF5439E1-289B-4F98-AB53-106D74F1357D}.Release|Any CPU.ActiveCfg = Release|Any CPU
		{AF5439E1-289B-4F98-AB53-106D74F1357D}.Release|Any CPU.Build.0 = Release|Any CPU
	EndGlobalSection
	GlobalSection(SolutionProperties) = preSolution
		HideSolutionNode = FALSE
	EndGlobalSection
	GlobalSection(ExtensibilityGlobals) = postSolution
		SolutionGuid = {6A3355BD-EE4C-45F1-878A-0A338100819E}
	EndGlobalSection
EndGlobal
